
Microsoft Visual Studio Solution File, Format Version 12.00
# Visual Studio Version 16
VisualStudioVersion = 16.0.29306.81
MinimumVisualStudioVersion = 10.0.40219.1
Project("{9A19103F-16F7-4668-BE54-9A1E7A4F7556}") = "NcAppFuncs", "NcAppFuncs\NcAppFuncs.csproj", "{BF6AF4BB-5672-4818-9BFB-F4E6628DDA2B}"
EndProject
Project("{FAE04EC0-301F-11D3-BF4B-00C04F79EFBC}") = "FunctionApp22", "FunctionApp22\FunctionApp22.csproj", "{A5D200EB-9D9D-400A-8AD7-946D0D311470}"
EndProject
Global
	GlobalSection(SolutionConfigurationPlatforms) = preSolution
		Debug|Any CPU = Debug|Any CPU
		Release|Any CPU = Release|Any CPU
	EndGlobalSection
	GlobalSection(ProjectConfigurationPlatforms) = postSolution
		{BF6AF4BB-5672-4818-9BFB-F4E6628DDA2B}.Debug|Any CPU.ActiveCfg = Debug|Any CPU
		{BF6AF4BB-5672-4818-9BFB-F4E6628DDA2B}.Debug|Any CPU.Build.0 = Debug|Any CPU
		{BF6AF4BB-5672-4818-9BFB-F4E6628DDA2B}.Release|Any CPU.ActiveCfg = Release|Any CPU
		{BF6AF4BB-5672-4818-9BFB-F4E6628DDA2B}.Release|Any CPU.Build.0 = Release|Any CPU
		{A5D200EB-9D9D-400A-8AD7-946D0D311470}.Debug|Any CPU.ActiveCfg = Debug|Any CPU
		{A5D200EB-9D9D-400A-8AD7-946D0D311470}.Debug|Any CPU.Build.0 = Debug|Any CPU
		{A5D200EB-9D9D-400A-8AD7-946D0D311470}.Release|Any CPU.ActiveCfg = Release|Any CPU
		{A5D200EB-9D9D-400A-8AD7-946D0D311470}.Release|Any CPU.Build.0 = Release|Any CPU
	EndGlobalSection
	GlobalSection(SolutionProperties) = preSolution
		HideSolutionNode = FALSE
	EndGlobalSection
	GlobalSection(ExtensibilityGlobals) = postSolution
		SolutionGuid = {5D3513CB-2465-4B7E-8C0B-D02451B20843}
	EndGlobalSection
EndGlobal
